
Microsoft Visual Studio Solution File, Format Version 11.00
# Visual Studio 2010
Project("{8BC9CEB8-8B4A-11D0-8D11-00A0C91BC942}") = "DUI1", "DUI1\DUI1.vcxproj", "{EECE8EDC-4A57-4B03-8C88-FD3E7AB61A54}"
EndProject
Project("{8BC9CEB8-8B4A-11D0-8D11-00A0C91BC942}") = "DUI2", "DUI2\DUI2.vcxproj", "{AC491FB5-1779-40AA-A96A-0A5AE18A8A92}"
EndProject
Project("{8BC9CEB8-8B4A-11D0-8D11-00A0C91BC942}") = "duidemo", "duidemo\duidemo.vcxproj", "{54019823-E923-44D0-AD60-8EB636D107DC}"
EndProject
Project("{8BC9CEB8-8B4A-11D0-8D11-00A0C91BC942}") = "DuiLib", "DuiLib\DuiLib.vcxproj", "{E106ACD7-4E53-4AEE-942B-D0DD426DB34E}"
EndProject
Project("{8BC9CEB8-8B4A-11D0-8D11-00A0C91BC942}") = "SBrowser", "SBrowser\SBrowser.vcxproj", "{42E5D364-5BA5-42CB-9C0D-02BCEE81EF8A}"
EndProject
Project("{8BC9CEB8-8B4A-11D0-8D11-00A0C91BC942}") = "SCatch", "SCatch\SCatch.vcxproj", "{C1FE7793-1D32-49CF-B425-14D01C68E4F0}"
EndProject
Project("{8BC9CEB8-8B4A-11D0-8D11-00A0C91BC942}") = "ICMPflood", "ICMPflood\ICMPflood.vcxproj", "{20C352BE-4E21-4CC0-BDB7-D32F74598641}"
EndProject
Project("{8BC9CEB8-8B4A-11D0-8D11-00A0C91BC942}") = "SPcap", "SPcap\SPcap.vcxproj", "{2D7FA1A7-C7F4-4CDD-884C-AE7D074A3B59}"
EndProject
Project("{8BC9CEB8-8B4A-11D0-8D11-00A0C91BC942}") = "LSPDLL", "LSPDLL\LSPDLL.vcxproj", "{1F82CEAE-087D-4DED-BE69-FFD1EAED7ECF}"
EndProject
Project("{8BC9CEB8-8B4A-11D0-8D11-00A0C91BC942}") = "LSPINST", "LSPINST\LSPINST.vcxproj", "{8F4FB728-43FB-4F85-8087-E69CB5A81630}"
EndProject
Project("{8BC9CEB8-8B4A-11D0-8D11-00A0C91BC942}") = "xiaonengM", "xiaonengM\xiaonengM.vcxproj", "{B925CD34-F07D-4DE8-8889-AE9EDE1CD731}"
EndProject
Project("{8BC9CEB8-8B4A-11D0-8D11-00A0C91BC942}") = "Test", "Test\Test.vcxproj", "{11BCFB25-79B2-4C7C-84F9-A65B5297ED35}"
EndProject
Project("{8BC9CEB8-8B4A-11D0-8D11-00A0C91BC942}") = "Video", "Video\Video.vcxproj", "{A708DF08-68D8-4380-B6E4-C032E4A9661B}"
EndProject
Project("{8BC9CEB8-8B4A-11D0-8D11-00A0C91BC942}") = "SVideo", "SVideo\SVideo.vcxproj", "{039764A7-5139-460C-A91D-E9AF5B05552B}"
EndProject
Global
	GlobalSection(SolutionConfigurationPlatforms) = preSolution
		Debug|Win32 = Debug|Win32
		Release|Win32 = Release|Win32
		UnicodeDebug|Win32 = UnicodeDebug|Win32
		UnicodeRelease|Win32 = UnicodeRelease|Win32
	EndGlobalSection
	GlobalSection(ProjectConfigurationPlatforms) = postSolution
		{EECE8EDC-4A57-4B03-8C88-FD3E7AB61A54}.Debug|Win32.ActiveCfg = Debug|Win32
		{EECE8EDC-4A57-4B03-8C88-FD3E7AB61A54}.Debug|Win32.Build.0 = Debug|Win32
		{EECE8EDC-4A57-4B03-8C88-FD3E7AB61A54}.Release|Win32.ActiveCfg = Release|Win32
		{EECE8EDC-4A57-4B03-8C88-FD3E7AB61A54}.Release|Win32.Build.0 = Release|Win32
		{EECE8EDC-4A57-4B03-8C88-FD3E7AB61A54}.UnicodeDebug|Win32.ActiveCfg = Debug|Win32
		{EECE8EDC-4A57-4B03-8C88-FD3E7AB61A54}.UnicodeDebug|Win32.Build.0 = Debug|Win32
		{EECE8EDC-4A57-4B03-8C88-FD3E7AB61A54}.UnicodeRelease|Win32.ActiveCfg = Release|Win32
		{EECE8EDC-4A57-4B03-8C88-FD3E7AB61A54}.UnicodeRelease|Win32.Build.0 = Release|Win32
		{AC491FB5-1779-40AA-A96A-0A5AE18A8A92}.Debug|Win32.ActiveCfg = Debug|Win32
		{AC491FB5-1779-40AA-A96A-0A5AE18A8A92}.Debug|Win32.Build.0 = Debug|Win32
		{AC491FB5-1779-40AA-A96A-0A5AE18A8A92}.Release|Win32.ActiveCfg = Release|Win32
		{AC491FB5-1779-40AA-A96A-0A5AE18A8A92}.Release|Win32.Build.0 = Release|Win32
		{AC491FB5-1779-40AA-A96A-0A5AE18A8A92}.UnicodeDebug|Win32.ActiveCfg = Debug|Win32
		{AC491FB5-1779-40AA-A96A-0A5AE18A8A92}.UnicodeDebug|Win32.Build.0 = Debug|Win32
		{AC491FB5-1779-40AA-A96A-0A5AE18A8A92}.UnicodeRelease|Win32.ActiveCfg = Release|Win32
		{AC491FB5-1779-40AA-A96A-0A5AE18A8A92}.UnicodeRelease|Win32.Build.0 = Release|Win32
		{54019823-E923-44D0-AD60-8EB636D107DC}.Debug|Win32.ActiveCfg = Debug|Win32
		{54019823-E923-44D0-AD60-8EB636D107DC}.Debug|Win32.Build.0 = Debug|Win32
		{54019823-E923-44D0-AD60-8EB636D107DC}.Release|Win32.ActiveCfg = Release|Win32
		{54019823-E923-44D0-AD60-8EB636D107DC}.Release|Win32.Build.0 = Release|Win32
		{54019823-E923-44D0-AD60-8EB636D107DC}.UnicodeDebug|Win32.ActiveCfg = UnicodeDebug|Win32
		{54019823-E923-44D0-AD60-8EB636D107DC}.UnicodeDebug|Win32.Build.0 = UnicodeDebug|Win32
		{54019823-E923-44D0-AD60-8EB636D107DC}.UnicodeRelease|Win32.ActiveCfg = UnicodeRelease|Win32
		{54019823-E923-44D0-AD60-8EB636D107DC}.UnicodeRelease|Win32.Build.0 = UnicodeRelease|Win32
		{E106ACD7-4E53-4AEE-942B-D0DD426DB34E}.Debug|Win32.ActiveCfg = Debug|Win32
		{E106ACD7-4E53-4AEE-942B-D0DD426DB34E}.Debug|Win32.Build.0 = Debug|Win32
		{E106ACD7-4E53-4AEE-942B-D0DD426DB34E}.Release|Win32.ActiveCfg = Release|Win32
		{E106ACD7-4E53-4AEE-942B-D0DD426DB34E}.Release|Win32.Build.0 = Release|Win32
		{E106ACD7-4E53-4AEE-942B-D0DD426DB34E}.UnicodeDebug|Win32.ActiveCfg = UnicodeDebug|Win32
		{E106ACD7-4E53-4AEE-942B-D0DD426DB34E}.UnicodeDebug|Win32.Build.0 = UnicodeDebug|Win32
		{E106ACD7-4E53-4AEE-942B-D0DD426DB34E}.UnicodeRelease|Win32.ActiveCfg = UnicodeRelease|Win32
		{E106ACD7-4E53-4AEE-942B-D0DD426DB34E}.UnicodeRelease|Win32.Build.0 = UnicodeRelease|Win32
		{42E5D364-5BA5-42CB-9C0D-02BCEE81EF8A}.Debug|Win32.ActiveCfg = Debug|Win32
		{42E5D364-5BA5-42CB-9C0D-02BCEE81EF8A}.Debug|Win32.Build.0 = Debug|Win32
		{42E5D364-5BA5-42CB-9C0D-02BCEE81EF8A}.Release|Win32.ActiveCfg = Release|Win32
		{42E5D364-5BA5-42CB-9C0D-02BCEE81EF8A}.Release|Win32.Build.0 = Release|Win32
		{42E5D364-5BA5-42CB-9C0D-02BCEE81EF8A}.UnicodeDebug|Win32.ActiveCfg = Debug|Win32
		{42E5D364-5BA5-42CB-9C0D-02BCEE81EF8A}.UnicodeDebug|Win32.Build.0 = Debug|Win32
		{42E5D364-5BA5-42CB-9C0D-02BCEE81EF8A}.UnicodeRelease|Win32.ActiveCfg = Release|Win32
		{42E5D364-5BA5-42CB-9C0D-02BCEE81EF8A}.UnicodeRelease|Win32.Build.0 = Release|Win32
		{C1FE7793-1D32-49CF-B425-14D01C68E4F0}.Debug|Win32.ActiveCfg = Debug|Win32
		{C1FE7793-1D32-49CF-B425-14D01C68E4F0}.Debug|Win32.Build.0 = Debug|Win32
		{C1FE7793-1D32-49CF-B425-14D01C68E4F0}.Release|Win32.ActiveCfg = Release|Win32
		{C1FE7793-1D32-49CF-B425-14D01C68E4F0}.Release|Win32.Build.0 = Release|Win32
		{C1FE7793-1D32-49CF-B425-14D01C68E4F0}.UnicodeDebug|Win32.ActiveCfg = Debug|Win32
		{C1FE7793-1D32-49CF-B425-14D01C68E4F0}.UnicodeDebug|Win32.Build.0 = Debug|Win32
		{C1FE7793-1D32-49CF-B425-14D01C68E4F0}.UnicodeRelease|Win32.ActiveCfg = Release|Win32
		{C1FE7793-1D32-49CF-B425-14D01C68E4F0}.UnicodeRelease|Win32.Build.0 = Release|Win32
		{20C352BE-4E21-4CC0-BDB7-D32F74598641}.Debug|Win32.ActiveCfg = Debug|Win32
		{20C352BE-4E21-4CC0-BDB7-D32F74598641}.Debug|Win32.Build.0 = Debug|Win32
		{20C352BE-4E21-4CC0-BDB7-D32F74598641}.Release|Win32.ActiveCfg = Release|Win32
		{20C352BE-4E21-4CC0-BDB7-D32F74598641}.Release|Win32.Build.0 = Release|Win32
		{20C352BE-4E21-4CC0-BDB7-D32F74598641}.UnicodeDebug|Win32.ActiveCfg = Debug|Win32
		{20C352BE-4E21-4CC0-BDB7-D32F74598641}.UnicodeDebug|Win32.Build.0 = Debug|Win32
		{20C352BE-4E21-4CC0-BDB7-D32F74598641}.UnicodeRelease|Win32.ActiveCfg = Release|Win32
		{20C352BE-4E21-4CC0-BDB7-D32F74598641}.UnicodeRelease|Win32.Build.0 = Release|Win32
		{2D7FA1A7-C7F4-4CDD-884C-AE7D074A3B59}.Debug|Win32.ActiveCfg = Debug|Win32
		{2D7FA1A7-C7F4-4CDD-884C-AE7D074A3B59}.Debug|Win32.Build.0 = Debug|Win32
		{2D7FA1A7-C7F4-4CDD-884C-AE7D074A3B59}.Release|Win32.ActiveCfg = Release|Win32
		{2D7FA1A7-C7F4-4CDD-884C-AE7D074A3B59}.Release|Win32.Build.0 = Release|Win32
		{2D7FA1A7-C7F4-4CDD-884C-AE7D074A3B59}.UnicodeDebug|Win32.ActiveCfg = Debug|Win32
		{2D7FA1A7-C7F4-4CDD-884C-AE7D074A3B59}.UnicodeDebug|Win32.Build.0 = Debug|Win32
		{2D7FA1A7-C7F4-4CDD-884C-AE7D074A3B59}.UnicodeRelease|Win32.ActiveCfg = Release|Win32
		{2D7FA1A7-C7F4-4CDD-884C-AE7D074A3B59}.UnicodeRelease|Win32.Build.0 = Release|Win32
		{1F82CEAE-087D-4DED-BE69-FFD1EAED7ECF}.Debug|Win32.ActiveCfg = Debug|Win32
		{1F82CEAE-087D-4DED-BE69-FFD1EAED7ECF}.Debug|Win32.Build.0 = Debug|Win32
		{1F82CEAE-087D-4DED-BE69-FFD1EAED7ECF}.Release|Win32.ActiveCfg = Release|Win32
		{1F82CEAE-087D-4DED-BE69-FFD1EAED7ECF}.Release|Win32.Build.0 = Release|Win32
		{1F82CEAE-087D-4DED-BE69-FFD1EAED7ECF}.UnicodeDebug|Win32.ActiveCfg = Debug|Win32
		{1F82CEAE-087D-4DED-BE69-FFD1EAED7ECF}.UnicodeDebug|Win32.Build.0 = Debug|Win32
		{1F82CEAE-087D-4DED-BE69-FFD1EAED7ECF}.UnicodeRelease|Win32.ActiveCfg = Release|Win32
		{1F82CEAE-087D-4DED-BE69-FFD1EAED7ECF}.UnicodeRelease|Win32.Build.0 = Release|Win32
		{8F4FB728-43FB-4F85-8087-E69CB5A81630}.Debug|Win32.ActiveCfg = Debug|Win32
		{8F4FB728-43FB-4F85-8087-E69CB5A81630}.Debug|Win32.Build.0 = Debug|Win32
		{8F4FB728-43FB-4F85-8087-E69CB5A81630}.Release|Win32.ActiveCfg = Release|Win32
		{8F4FB728-43FB-4F85-8087-E69CB5A81630}.Release|Win32.Build.0 = Release|Win32
		{8F4FB728-43FB-4F85-8087-E69CB5A81630}.UnicodeDebug|Win32.ActiveCfg = Debug|Win32
		{8F4FB728-43FB-4F85-8087-E69CB5A81630}.UnicodeDebug|Win32.Build.0 = Debug|Win32
		{8F4FB728-43FB-4F85-8087-E69CB5A81630}.UnicodeRelease|Win32.ActiveCfg = Release|Win32
		{8F4FB728-43FB-4F85-8087-E69CB5A81630}.UnicodeRelease|Win32.Build.0 = Release|Win32
		{B925CD34-F07D-4DE8-8889-AE9EDE1CD731}.Debug|Win32.ActiveCfg = Debug|Win32
		{B925CD34-F07D-4DE8-8889-AE9EDE1CD731}.Debug|Win32.Build.0 = Debug|Win32
		{B925CD34-F07D-4DE8-8889-AE9EDE1CD731}.Release|Win32.ActiveCfg = Release|Win32
		{B925CD34-F07D-4DE8-8889-AE9EDE1CD731}.Release|Win32.Build.0 = Release|Win32
		{B925CD34-F07D-4DE8-8889-AE9EDE1CD731}.UnicodeDebug|Win32.ActiveCfg = Debug|Win32
		{B925CD34-F07D-4DE8-8889-AE9EDE1CD731}.UnicodeDebug|Win32.Build.0 = Debug|Win32
		{B925CD34-F07D-4DE8-8889-AE9EDE1CD731}.UnicodeRelease|Win32.ActiveCfg = Release|Win32
		{B925CD34-F07D-4DE8-8889-AE9EDE1CD731}.UnicodeRelease|Win32.Build.0 = Release|Win32
		{11BCFB25-79B2-4C7C-84F9-A65B5297ED35}.Debug|Win32.ActiveCfg = Debug|Win32
		{11BCFB25-79B2-4C7C-84F9-A65B5297ED35}.Debug|Win32.Build.0 = Debug|Win32
		{11BCFB25-79B2-4C7C-84F9-A65B5297ED35}.Release|Win32.ActiveCfg = Release|Win32
		{11BCFB25-79B2-4C7C-84F9-A65B5297ED35}.Release|Win32.Build.0 = Release|Win32
		{11BCFB25-79B2-4C7C-84F9-A65B5297ED35}.UnicodeDebug|Win32.ActiveCfg = Debug|Win32
		{11BCFB25-79B2-4C7C-84F9-A65B5297ED35}.UnicodeDebug|Win32.Build.0 = Debug|Win32
		{11BCFB25-79B2-4C7C-84F9-A65B5297ED35}.UnicodeRelease|Win32.ActiveCfg = Release|Win32
		{11BCFB25-79B2-4C7C-84F9-A65B5297ED35}.UnicodeRelease|Win32.Build.0 = Release|Win32
		{A708DF08-68D8-4380-B6E4-C032E4A9661B}.Debug|Win32.ActiveCfg = Debug|Win32
		{A708DF08-68D8-4380-B6E4-C032E4A9661B}.Debug|Win32.Build.0 = Debug|Win32
		{A708DF08-68D8-4380-B6E4-C032E4A9661B}.Release|Win32.ActiveCfg = Release|Win32
		{A708DF08-68D8-4380-B6E4-C032E4A9661B}.Release|Win32.Build.0 = Release|Win32
		{A708DF08-68D8-4380-B6E4-C032E4A9661B}.UnicodeDebug|Win32.ActiveCfg = Debug|Win32
		{A708DF08-68D8-4380-B6E4-C032E4A9661B}.UnicodeDebug|Win32.Build.0 = Debug|Win32
		{A708DF08-68D8-4380-B6E4-C032E4A9661B}.UnicodeRelease|Win32.ActiveCfg = Release|Win32
		{A708DF08-68D8-4380-B6E4-C032E4A9661B}.UnicodeRelease|Win32.Build.0 = Release|Win32
		{039764A7-5139-460C-A91D-E9AF5B05552B}.Debug|Win32.ActiveCfg = Debug|Win32
		{039764A7-5139-460C-A91D-E9AF5B05552B}.Debug|Win32.Build.0 = Debug|Win32
		{039764A7-5139-460C-A91D-E9AF5B05552B}.Release|Win32.ActiveCfg = Release|Win32
		{039764A7-5139-460C-A91D-E9AF5B05552B}.Release|Win32.Build.0 = Release|Win32
		{039764A7-5139-460C-A91D-E9AF5B05552B}.UnicodeDebug|Win32.ActiveCfg = Debug|Win32
		{039764A7-5139-460C-A91D-E9AF5B05552B}.UnicodeDebug|Win32.Build.0 = Debug|Win32
		{039764A7-5139-460C-A91D-E9AF5B05552B}.UnicodeRelease|Win32.ActiveCfg = Release|Win32
		{039764A7-5139-460C-A91D-E9AF5B05552B}.UnicodeRelease|Win32.Build.0 = Release|Win32
	EndGlobalSection
	GlobalSection(SolutionProperties) = preSolution
		HideSolutionNode = FALSE
	EndGlobalSection
EndGlobal
